PODS:
  - YQLogger (0.3.0):
    - YQSwiftLog
  - YQSwiftLog (2.0.0)

DEPENDENCIES:
  - YQLogger (from `../`)

SPEC REPOS:
  https://github.com/CocoaPods/Specs.git:
    - YQSwiftLog

EXTERNAL SOURCES:
  YQLogger:
    :path: "../"

SPEC CHECKSUMS:
  YQLogger: 2a1e786f2399535e3dcee48c9a441fa766102abd
  YQSwiftLog: a859dd2533f9e0fec8eae4126125e9e5b7672368

PODFILE CHECKSUM: f2b7dd2ff5fefd116625423ea739706d9c82211d

COCOAPODS: 1.16.2
